
Microsoft Visual Studio Solution File, Format Version 12.00
# Visual Studio Version 17
VisualStudioVersion = 17.11.35327.3
MinimumVisualStudioVersion = 10.0.40219.1
Project("{9A19103F-16F7-4668-BE54-9A1E7A4F7556}") = "LeaveManagementSystem.Web", "LeaveManagementSystem.Web\LeaveManagementSystem.Web.csproj", "{491C8A82-D937-4D52-A5AF-E3648BFAC128}"
EndProject
Project("{FAE04EC0-301F-11D3-BF4B-00C04F79EFBC}") = "LeaveManagementSystem.Common", "LeaveManagementSystem.Common\LeaveManagementSystem.Common.csproj", "{3ABD4017-E4ED-4CE9-B722-6C7D10F9C59B}"
EndProject
Project("{FAE04EC0-301F-11D3-BF4B-00C04F79EFBC}") = "LeaveManagementSystem.Data", "LeaveManagementSystem.Data\LeaveManagementSystem.Data.csproj", "{B5DC2CF1-B630-42C7-A9FC-6A0BA78F3029}"
EndProject
Global
	GlobalSection(SolutionConfigurationPlatforms) = preSolution
		Debug|Any CPU = Debug|Any CPU
		Release|Any CPU = Release|Any CPU
	EndGlobalSection
	GlobalSection(ProjectConfigurationPlatforms) = postSolution
		{491C8A82-D937-4D52-A5AF-E3648BFAC128}.Debug|Any CPU.ActiveCfg = Debug|Any CPU
		{491C8A82-D937-4D52-A5AF-E3648BFAC128}.Debug|Any CPU.Build.0 = Debug|Any CPU
		{491C8A82-D937-4D52-A5AF-E3648BFAC128}.Release|Any CPU.ActiveCfg = Release|Any CPU
		{491C8A82-D937-4D52-A5AF-E3648BFAC128}.Release|Any CPU.Build.0 = Release|Any CPU
		{3ABD4017-E4ED-4CE9-B722-6C7D10F9C59B}.Debug|Any CPU.ActiveCfg = Debug|Any CPU
		{3ABD4017-E4ED-4CE9-B722-6C7D10F9C59B}.Debug|Any CPU.Build.0 = Debug|Any CPU
		{3ABD4017-E4ED-4CE9-B722-6C7D10F9C59B}.Release|Any CPU.ActiveCfg = Release|Any CPU
		{3ABD4017-E4ED-4CE9-B722-6C7D10F9C59B}.Release|Any CPU.Build.0 = Release|Any CPU
		{B5DC2CF1-B630-42C7-A9FC-6A0BA78F3029}.Debug|Any CPU.ActiveCfg = Debug|Any CPU
		{B5DC2CF1-B630-42C7-A9FC-6A0BA78F3029}.Debug|Any CPU.Build.0 = Debug|Any CPU
		{B5DC2CF1-B630-42C7-A9FC-6A0BA78F3029}.Release|Any CPU.ActiveCfg = Release|Any CPU
		{B5DC2CF1-B630-42C7-A9FC-6A0BA78F3029}.Release|Any CPU.Build.0 = Release|Any CPU
	EndGlobalSection
	GlobalSection(SolutionProperties) = preSolution
		HideSolutionNode = FALSE
	EndGlobalSection
	GlobalSection(ExtensibilityGlobals) = postSolution
		SolutionGuid = {40FE9A63-C3C3-4E65-B09A-2098196EEFF9}
	EndGlobalSection
EndGlobal
